
Microsoft Visual Studio Solution File, Format Version 12.00
# Visual Studio Version 16
VisualStudioVersion = 16.0.31112.23
MinimumVisualStudioVersion = 10.0.40219.1
Project("{2150E333-8FDC-42A3-9474-1A3956D46DE8}") = "Api", "Api", "{DA6C5700-69B0-4768-A705-08907C673255}"
EndProject
Project("{2150E333-8FDC-42A3-9474-1A3956D46DE8}") = "Infrastructure", "Infrastructure", "{CEBED074-9A00-43E5-AB21-44AC67920FDE}"
EndProject
Project("{9A19103F-16F7-4668-BE54-9A1E7A4F7556}") = "ICar.API", "API\ICar.API\ICar.API.csproj", "{957C75EF-0282-4D75-BBA1-4DED7AB6CED9}"
EndProject
Project("{9A19103F-16F7-4668-BE54-9A1E7A4F7556}") = "ICar.Infrastructure", "Infrastructure\ICar.Data\ICar.Infrastructure.csproj", "{F60E9051-11EF-4152-A307-E827C1D4A159}"
EndProject
Project("{9A19103F-16F7-4668-BE54-9A1E7A4F7556}") = "ICar.Infrastructure.Tests", "Infrastructure\ICar.Tests\ICar.Infrastructure.Tests.csproj", "{01C8916C-6A84-4415-AAC8-6E0B038180A4}"
EndProject
Global
	GlobalSection(SolutionConfigurationPlatforms) = preSolution
		Debug|Any CPU = Debug|Any CPU
		Release|Any CPU = Release|Any CPU
	EndGlobalSection
	GlobalSection(ProjectConfigurationPlatforms) = postSolution
		{957C75EF-0282-4D75-BBA1-4DED7AB6CED9}.Debug|Any CPU.ActiveCfg = Debug|Any CPU
		{957C75EF-0282-4D75-BBA1-4DED7AB6CED9}.Debug|Any CPU.Build.0 = Debug|Any CPU
		{957C75EF-0282-4D75-BBA1-4DED7AB6CED9}.Release|Any CPU.ActiveCfg = Release|Any CPU
		{957C75EF-0282-4D75-BBA1-4DED7AB6CED9}.Release|Any CPU.Build.0 = Release|Any CPU
		{F60E9051-11EF-4152-A307-E827C1D4A159}.Debug|Any CPU.ActiveCfg = Debug|Any CPU
		{F60E9051-11EF-4152-A307-E827C1D4A159}.Debug|Any CPU.Build.0 = Debug|Any CPU
		{F60E9051-11EF-4152-A307-E827C1D4A159}.Release|Any CPU.ActiveCfg = Release|Any CPU
		{F60E9051-11EF-4152-A307-E827C1D4A159}.Release|Any CPU.Build.0 = Release|Any CPU
		{01C8916C-6A84-4415-AAC8-6E0B038180A4}.Debug|Any CPU.ActiveCfg = Debug|Any CPU
		{01C8916C-6A84-4415-AAC8-6E0B038180A4}.Debug|Any CPU.Build.0 = Debug|Any CPU
		{01C8916C-6A84-4415-AAC8-6E0B038180A4}.Release|Any CPU.ActiveCfg = Release|Any CPU
		{01C8916C-6A84-4415-AAC8-6E0B038180A4}.Release|Any CPU.Build.0 = Release|Any CPU
	EndGlobalSection
	GlobalSection(SolutionProperties) = preSolution
		HideSolutionNode = FALSE
	EndGlobalSection
	GlobalSection(NestedProjects) = preSolution
		{957C75EF-0282-4D75-BBA1-4DED7AB6CED9} = {DA6C5700-69B0-4768-A705-08907C673255}
		{F60E9051-11EF-4152-A307-E827C1D4A159} = {CEBED074-9A00-43E5-AB21-44AC67920FDE}
		{01C8916C-6A84-4415-AAC8-6E0B038180A4} = {CEBED074-9A00-43E5-AB21-44AC67920FDE}
	EndGlobalSection
	GlobalSection(ExtensibilityGlobals) = postSolution
		SolutionGuid = {A9E5719F-1788-4522-AE9E-BD64A5138B50}
	EndGlobalSection
EndGlobal
