
Microsoft Visual Studio Solution File, Format Version 12.00
# Visual Studio Version 16
VisualStudioVersion = 16.0.31112.23
MinimumVisualStudioVersion = 10.0.40219.1
Project("{9A19103F-16F7-4668-BE54-9A1E7A4F7556}") = "ICar.API", "ICar.API\ICar.API.csproj", "{F5ADD9AC-F73A-4681-8AB7-9C79CC7B3D0B}"
EndProject
Project("{9A19103F-16F7-4668-BE54-9A1E7A4F7556}") = "ICar.Tests", "ICar.Tests\ICar.Tests.csproj", "{650C2CCA-03A4-4660-B48D-565CF1EEB717}"
EndProject
Project("{9A19103F-16F7-4668-BE54-9A1E7A4F7556}") = "ICar.Infrastructure", "ICar.Data\ICar.Infrastructure.csproj", "{858643ED-679F-4AC1-9579-A8464F3740AF}"
EndProject
Project("{2150E333-8FDC-42A3-9474-1A3956D46DE8}") = "Api", "Api", "{0F391CD2-3BD4-40F8-8957-90CD7B9B6678}"
EndProject
Project("{2150E333-8FDC-42A3-9474-1A3956D46DE8}") = "Identity", "Identity", "{95A225F6-C147-4F54-9FBB-7AC8BB997F41}"
EndProject
Project("{FAE04EC0-301F-11D3-BF4B-00C04F79EFBC}") = "IdentityServer", "IdentityServer\IdentityServer.csproj", "{63D17688-5472-4F83-AD69-4A68D7082393}"
EndProject
Global
	GlobalSection(SolutionConfigurationPlatforms) = preSolution
		Debug|Any CPU = Debug|Any CPU
		Release|Any CPU = Release|Any CPU
	EndGlobalSection
	GlobalSection(ProjectConfigurationPlatforms) = postSolution
		{F5ADD9AC-F73A-4681-8AB7-9C79CC7B3D0B}.Debug|Any CPU.ActiveCfg = Debug|Any CPU
		{F5ADD9AC-F73A-4681-8AB7-9C79CC7B3D0B}.Debug|Any CPU.Build.0 = Debug|Any CPU
		{F5ADD9AC-F73A-4681-8AB7-9C79CC7B3D0B}.Release|Any CPU.ActiveCfg = Release|Any CPU
		{F5ADD9AC-F73A-4681-8AB7-9C79CC7B3D0B}.Release|Any CPU.Build.0 = Release|Any CPU
		{650C2CCA-03A4-4660-B48D-565CF1EEB717}.Debug|Any CPU.ActiveCfg = Debug|Any CPU
		{650C2CCA-03A4-4660-B48D-565CF1EEB717}.Debug|Any CPU.Build.0 = Debug|Any CPU
		{650C2CCA-03A4-4660-B48D-565CF1EEB717}.Release|Any CPU.ActiveCfg = Release|Any CPU
		{650C2CCA-03A4-4660-B48D-565CF1EEB717}.Release|Any CPU.Build.0 = Release|Any CPU
		{858643ED-679F-4AC1-9579-A8464F3740AF}.Debug|Any CPU.ActiveCfg = Debug|Any CPU
		{858643ED-679F-4AC1-9579-A8464F3740AF}.Debug|Any CPU.Build.0 = Debug|Any CPU
		{858643ED-679F-4AC1-9579-A8464F3740AF}.Release|Any CPU.ActiveCfg = Release|Any CPU
		{858643ED-679F-4AC1-9579-A8464F3740AF}.Release|Any CPU.Build.0 = Release|Any CPU
		{63D17688-5472-4F83-AD69-4A68D7082393}.Debug|Any CPU.ActiveCfg = Debug|Any CPU
		{63D17688-5472-4F83-AD69-4A68D7082393}.Debug|Any CPU.Build.0 = Debug|Any CPU
		{63D17688-5472-4F83-AD69-4A68D7082393}.Release|Any CPU.ActiveCfg = Release|Any CPU
		{63D17688-5472-4F83-AD69-4A68D7082393}.Release|Any CPU.Build.0 = Release|Any CPU
	EndGlobalSection
	GlobalSection(SolutionProperties) = preSolution
		HideSolutionNode = FALSE
	EndGlobalSection
	GlobalSection(NestedProjects) = preSolution
		{F5ADD9AC-F73A-4681-8AB7-9C79CC7B3D0B} = {0F391CD2-3BD4-40F8-8957-90CD7B9B6678}
		{650C2CCA-03A4-4660-B48D-565CF1EEB717} = {0F391CD2-3BD4-40F8-8957-90CD7B9B6678}
		{858643ED-679F-4AC1-9579-A8464F3740AF} = {0F391CD2-3BD4-40F8-8957-90CD7B9B6678}
		{63D17688-5472-4F83-AD69-4A68D7082393} = {95A225F6-C147-4F54-9FBB-7AC8BB997F41}
	EndGlobalSection
	GlobalSection(ExtensibilityGlobals) = postSolution
		SolutionGuid = {A9E5719F-1788-4522-AE9E-BD64A5138B50}
	EndGlobalSection
EndGlobal
